
Microsoft Visual Studio Solution File, Format Version 12.00
# Visual Studio Version 17
VisualStudioVersion = 17.4.33122.133
MinimumVisualStudioVersion = 10.0.40219.1
Project("{9A19103F-16F7-4668-BE54-9A1E7A4F7556}") = "StreetRouteDotnet", "StreetRouteDotnet\StreetRouteDotnet.csproj", "{EA86282F-4DED-4210-83FA-4E6F5F55579E}"
EndProject
Global
	GlobalSection(SolutionConfigurationPlatforms) = preSolution
		Debug|Any CPU = Debug|Any CPU
		Release|Any CPU = Release|Any CPU
	EndGlobalSection
	GlobalSection(ProjectConfigurationPlatforms) = postSolution
		{EA86282F-4DED-4210-83FA-4E6F5F55579E}.Debug|Any CPU.ActiveCfg = Debug|Any CPU
		{EA86282F-4DED-4210-83FA-4E6F5F55579E}.Debug|Any CPU.Build.0 = Debug|Any CPU
		{EA86282F-4DED-4210-83FA-4E6F5F55579E}.Release|Any CPU.ActiveCfg = Release|Any CPU
		{EA86282F-4DED-4210-83FA-4E6F5F55579E}.Release|Any CPU.Build.0 = Release|Any CPU
	EndGlobalSection
	GlobalSection(SolutionProperties) = preSolution
		HideSolutionNode = FALSE
	EndGlobalSection
	GlobalSection(ExtensibilityGlobals) = postSolution
		SolutionGuid = {4B7DE973-45C3-4429-B9EF-716FA708D94F}
	EndGlobalSection
EndGlobal
